// !$*UTF8*$!
{
	archiveVersion = 1;
	classes = {
	};
	objectVersion = 46;
	objects = {

/* Begin PBXBuildFile section */
		BC3191901BDA5987002BFB36 /* AppDelegate.swift in Sources */ = {isa = PBXBuildFile; fileRef = BC31918F1BDA5987002BFB36 /* AppDelegate.swift */; };
		BC3191921BDA5987002BFB36 /* MainViewController.swift in Sources */ = {isa = PBXBuildFile; fileRef = BC3191911BDA5987002BFB36 /* MainViewController.swift */; };
		BC3191951BDA5987002BFB36 /* Main.storyboard in Resources */ = {isa = PBXBuildFile; fileRef = BC3191931BDA5987002BFB36 /* Main.storyboard */; };
		BC3191971BDA5987002BFB36 /* Assets.xcassets in Resources */ = {isa = PBXBuildFile; fileRef = BC3191961BDA5987002BFB36 /* Assets.xcassets */; };
		BC31919A1BDA5987002BFB36 /* LaunchScreen.storyboard in Resources */ = {isa = PBXBuildFile; fileRef = BC3191981BDA5987002BFB36 /* LaunchScreen.storyboard */; };
		BC3191A51BDA5987002BFB36 /* MeltingPotIOSTests.swift in Sources */ = {isa = PBXBuildFile; fileRef = BC3191A41BDA5987002BFB36 /* MeltingPotIOSTests.swift */; };
		BC3191B01BDA5987002BFB36 /* MeltingPotIOSUITests.swift in Sources */ = {isa = PBXBuildFile; fileRef = BC3191AF1BDA5987002BFB36 /* MeltingPotIOSUITests.swift */; };
		BC3191C01BDA5B46002BFB36 /* MyCustomCell.swift in Sources */ = {isa = PBXBuildFile; fileRef = BC3191BF1BDA5B46002BFB36 /* MyCustomCell.swift */; };
		BC3191C21BDA5BED002BFB36 /* Project.swift in Sources */ = {isa = PBXBuildFile; fileRef = BC3191C11BDA5BED002BFB36 /* Project.swift */; };
		BC3191C41BDA5C61002BFB36 /* UserData.swift in Sources */ = {isa = PBXBuildFile; fileRef = BC3191C31BDA5C61002BFB36 /* UserData.swift */; };
		BC3191C71BDA6075002BFB36 /* DescriptionProjectViewController.swift in Sources */ = {isa = PBXBuildFile; fileRef = BC3191C61BDA6075002BFB36 /* DescriptionProjectViewController.swift */; };
		BC3191C91BDA8773002BFB36 /* AddProjectViewController.swift in Sources */ = {isa = PBXBuildFile; fileRef = BC3191C81BDA8773002BFB36 /* AddProjectViewController.swift */; };
/* End PBXBuildFile section */

/* Begin PBXContainerItemProxy section */
		BC3191A11BDA5987002BFB36 /* PBXContainerItemProxy */ = {
			isa = PBXContainerItemProxy;
			containerPortal = BC3191841BDA5987002BFB36 /* Project object */;
			proxyType = 1;
			remoteGlobalIDString = BC31918B1BDA5987002BFB36;
			remoteInfo = MeltingPotIOS;
		};
		BC3191AC1BDA5987002BFB36 /* PBXContainerItemProxy */ = {
			isa = PBXContainerItemProxy;
			containerPortal = BC3191841BDA5987002BFB36 /* Project object */;
			proxyType = 1;
			remoteGlobalIDString = BC31918B1BDA5987002BFB36;
			remoteInfo = MeltingPotIOS;
		};
/* End PBXContainerItemProxy section */

/* Begin PBXFileReference section */
		BC31918C1BDA5987002BFB36 /* MeltingPotIOS.app */ = {isa = PBXFileReference; explicitFileType = wrapper.application; includeInIndex = 0; path = MeltingPotIOS.app; sourceTree = BUILT_PRODUCTS_DIR; };
		BC31918F1BDA5987002BFB36 /* AppDelegate.swift */ = {isa = PBXFileReference; lastKnownFileType = sourcecode.swift; path = AppDelegate.swift; sourceTree = "<group>"; };
		BC3191911BDA5987002BFB36 /* MainViewController.swift */ = {isa = PBXFileReference; lastKnownFileType = sourcecode.swift; path = MainViewController.swift; sourceTree = "<group>"; };
		BC3191941BDA5987002BFB36 /* Base */ = {isa = PBXFileReference; lastKnownFileType = file.storyboard; name = Base; path = Base.lproj/Main.storyboard; sourceTree = "<group>"; };
		BC3191961BDA5987002BFB36 /* Assets.xcassets */ = {isa = PBXFileReference; lastKnownFileType = folder.assetcatalog; path = Assets.xcassets; sourceTree = "<group>"; };
		BC3191991BDA5987002BFB36 /* Base */ = {isa = PBXFileReference; lastKnownFileType = file.storyboard; name = Base; path = Base.lproj/LaunchScreen.storyboard; sourceTree = "<group>"; };
		BC31919B1BDA5987002BFB36 /* Info.plist */ = {isa = PBXFileReference; lastKnownFileType = text.plist.xml; path = Info.plist; sourceTree = "<group>"; };
		BC3191A01BDA5987002BFB36 /* MeltingPotIOSTests.xctest */ = {isa = PBXFileReference; explicitFileType = wrapper.cfbundle; includeInIndex = 0; path = MeltingPotIOSTests.xctest; sourceTree = BUILT_PRODUCTS_DIR; };
		BC3191A41BDA5987002BFB36 /* MeltingPotIOSTests.swift */ = {isa = PBXFileReference; lastKnownFileType = sourcecode.swift; path = MeltingPotIOSTests.swift; sourceTree = "<group>"; };
		BC3191A61BDA5987002BFB36 /* Info.plist */ = {isa = PBXFileReference; lastKnownFileType = text.plist.xml; path = Info.plist; sourceTree = "<group>"; };
		BC3191AB1BDA5987002BFB36 /* MeltingPotIOSUITests.xctest */ = {isa = PBXFileReference; explicitFileType = wrapper.cfbundle; includeInIndex = 0; path = MeltingPotIOSUITests.xctest; sourceTree = BUILT_PRODUCTS_DIR; };
		BC3191AF1BDA5987002BFB36 /* MeltingPotIOSUITests.swift */ = {isa = PBXFileReference; lastKnownFileType = sourcecode.swift; path = MeltingPotIOSUITests.swift; sourceTree = "<group>"; };
		BC3191B11BDA5987002BFB36 /* Info.plist */ = {isa = PBXFileReference; lastKnownFileType = text.plist.xml; path = Info.plist; sourceTree = "<group>"; };
		BC3191BF1BDA5B46002BFB36 /* MyCustomCell.swift */ = {isa = PBXFileReference; fileEncoding = 4; lastKnownFileType = sourcecode.swift; path = MyCustomCell.swift; sourceTree = "<group>"; };
		BC3191C11BDA5BED002BFB36 /* Project.swift */ = {isa = PBXFileReference; fileEncoding = 4; lastKnownFileType = sourcecode.swift; path = Project.swift; sourceTree = "<group>"; };
		BC3191C31BDA5C61002BFB36 /* UserData.swift */ = {isa = PBXFileReference; fileEncoding = 4; lastKnownFileType = sourcecode.swift; path = UserData.swift; sourceTree = "<group>"; };
		BC3191C61BDA6075002BFB36 /* DescriptionProjectViewController.swift */ = {isa = PBXFileReference; fileEncoding = 4; lastKnownFileType = sourcecode.swift; path = DescriptionProjectViewController.swift; sourceTree = "<group>"; };
		BC3191C81BDA8773002BFB36 /* AddProjectViewController.swift */ = {isa = PBXFileReference; fileEncoding = 4; lastKnownFileType = sourcecode.swift; path = AddProjectViewController.swift; sourceTree = "<group>"; };
/* End PBXFileReference section */

/* Begin PBXFrameworksBuildPhase section */
		BC3191891BDA5987002BFB36 /* Frameworks */ = {
			isa = PBXFrameworksBuildPhase;
			buildActionMask = 2147483647;
			files = (
			);
			runOnlyForDeploymentPostprocessing = 0;
		};
		BC31919D1BDA5987002BFB36 /* Frameworks */ = {
			isa = PBXFrameworksBuildPhase;
			buildActionMask = 2147483647;
			files = (
			);
			runOnlyForDeploymentPostprocessing = 0;
		};
		BC3191A81BDA5987002BFB36 /* Frameworks */ = {
			isa = PBXFrameworksBuildPhase;
			buildActionMask = 2147483647;
			files = (
			);
			runOnlyForDeploymentPostprocessing = 0;
		};
/* End PBXFrameworksBuildPhase section */

/* Begin PBXGroup section */
		BC3191831BDA5987002BFB36 = {
			isa = PBXGroup;
			children = (
				BC31918E1BDA5987002BFB36 /* MeltingPotIOS */,
				BC3191A31BDA5987002BFB36 /* MeltingPotIOSTests */,
				BC3191AE1BDA5987002BFB36 /* MeltingPotIOSUITests */,
				BC31918D1BDA5987002BFB36 /* Products */,
			);
			sourceTree = "<group>";
		};
		BC31918D1BDA5987002BFB36 /* Products */ = {
			isa = PBXGroup;
			children = (
				BC31918C1BDA5987002BFB36 /* MeltingPotIOS.app */,
				BC3191A01BDA5987002BFB36 /* MeltingPotIOSTests.xctest */,
				BC3191AB1BDA5987002BFB36 /* MeltingPotIOSUITests.xctest */,
			);
			name = Products;
			sourceTree = "<group>";
		};
		BC31918E1BDA5987002BFB36 /* MeltingPotIOS */ = {
			isa = PBXGroup;
			children = (
				BC31918F1BDA5987002BFB36 /* AppDelegate.swift */,
				BC3191C51BDA5F06002BFB36 /* Objects */,
				BC3191BE1BDA5A79002BFB36 /* ViewController */,
				BC3191BD1BDA5A6B002BFB36 /* Storyboard */,
				BC3191961BDA5987002BFB36 /* Assets.xcassets */,
				BC3191981BDA5987002BFB36 /* LaunchScreen.storyboard */,
				BC31919B1BDA5987002BFB36 /* Info.plist */,
				BC3191BF1BDA5B46002BFB36 /* MyCustomCell.swift */,
			);
			path = MeltingPotIOS;
			sourceTree = "<group>";
		};
		BC3191A31BDA5987002BFB36 /* MeltingPotIOSTests */ = {
			isa = PBXGroup;
			children = (
				BC3191A41BDA5987002BFB36 /* MeltingPotIOSTests.swift */,
				BC3191A61BDA5987002BFB36 /* Info.plist */,
			);
			path = MeltingPotIOSTests;
			sourceTree = "<group>";
		};
		BC3191AE1BDA5987002BFB36 /* MeltingPotIOSUITests */ = {
			isa = PBXGroup;
			children = (
				BC3191AF1BDA5987002BFB36 /* MeltingPotIOSUITests.swift */,
				BC3191B11BDA5987002BFB36 /* Info.plist */,
			);
			path = MeltingPotIOSUITests;
			sourceTree = "<group>";
		};
		BC3191BD1BDA5A6B002BFB36 /* Storyboard */ = {
			isa = PBXGroup;
			children = (
				BC3191931BDA5987002BFB36 /* Main.storyboard */,
			);
			name = Storyboard;
			sourceTree = "<group>";
		};
		BC3191BE1BDA5A79002BFB36 /* ViewController */ = {
			isa = PBXGroup;
			children = (
				BC3191C81BDA8773002BFB36 /* AddProjectViewController.swift */,
				BC3191911BDA5987002BFB36 /* MainViewController.swift */,
				BC3191C61BDA6075002BFB36 /* DescriptionProjectViewController.swift */,
			);
			name = ViewController;
			sourceTree = "<group>";
		};
		BC3191C51BDA5F06002BFB36 /* Objects */ = {
			isa = PBXGroup;
			children = (
				BC3191C11BDA5BED002BFB36 /* Project.swift */,
				BC3191C31BDA5C61002BFB36 /* UserData.swift */,
			);
			name = Objects;
			sourceTree = "<group>";
		};
/* End PBXGroup section */

/* Begin PBXNativeTarget section */
		BC31918B1BDA5987002BFB36 /* MeltingPotIOS */ = {
			isa = PBXNativeTarget;
			buildConfigurationList = BC3191B41BDA5987002BFB36 /* Build configuration list for PBXNativeTarget "MeltingPotIOS" */;
			buildPhases = (
				BC3191881BDA5987002BFB36 /* Sources */,
				BC3191891BDA5987002BFB36 /* Frameworks */,
				BC31918A1BDA5987002BFB36 /* Resources */,
			);
			buildRules = (
			);
			dependencies = (
			);
			name = MeltingPotIOS;
			productName = MeltingPotIOS;
			productReference = BC31918C1BDA5987002BFB36 /* MeltingPotIOS.app */;
			productType = "com.apple.product-type.application";
		};
		BC31919F1BDA5987002BFB36 /* MeltingPotIOSTests */ = {
			isa = PBXNativeTarget;
			buildConfigurationList = BC3191B71BDA5987002BFB36 /* Build configuration list for PBXNativeTarget "MeltingPotIOSTests" */;
			buildPhases = (
				BC31919C1BDA5987002BFB36 /* Sources */,
				BC31919D1BDA5987002BFB36 /* Frameworks */,
				BC31919E1BDA5987002BFB36 /* Resources */,
			);
			buildRules = (
			);
			dependencies = (
				BC3191A21BDA5987002BFB36 /* PBXTargetDependency */,
			);
			name = MeltingPotIOSTests;
			productName = MeltingPotIOSTests;
			productReference = BC3191A01BDA5987002BFB36 /* MeltingPotIOSTests.xctest */;
			productType = "com.apple.product-type.bundle.unit-test";
		};
		BC3191AA1BDA5987002BFB36 /* MeltingPotIOSUITests */ = {
			isa = PBXNativeTarget;
			buildConfigurationList = BC3191BA1BDA5987002BFB36 /* Build configuration list for PBXNativeTarget "MeltingPotIOSUITests" */;
			buildPhases = (
				BC3191A71BDA5987002BFB36 /* Sources */,
				BC3191A81BDA5987002BFB36 /* Frameworks */,
				BC3191A91BDA5987002BFB36 /* Resources */,
			);
			buildRules = (
			);
			dependencies = (
				BC3191AD1BDA5987002BFB36 /* PBXTargetDependency */,
			);
			name = MeltingPotIOSUITests;
			productName = MeltingPotIOSUITests;
			productReference = BC3191AB1BDA5987002BFB36 /* MeltingPotIOSUITests.xctest */;
			productType = "com.apple.product-type.bundle.ui-testing";
		};
/* End PBXNativeTarget section */

/* Begin PBXProject section */
		BC3191841BDA5987002BFB36 /* Project object */ = {
			isa = PBXProject;
			attributes = {
				LastSwiftUpdateCheck = 0710;
				LastUpgradeCheck = 0710;
				ORGANIZATIONNAME = "Kevin Djedje";
				TargetAttributes = {
					BC31918B1BDA5987002BFB36 = {
						CreatedOnToolsVersion = 7.1;
						DevelopmentTeam = YVVZ65Y3UC;
					};
					BC31919F1BDA5987002BFB36 = {
						CreatedOnToolsVersion = 7.1;
						DevelopmentTeam = YVVZ65Y3UC;
						TestTargetID = BC31918B1BDA5987002BFB36;
					};
					BC3191AA1BDA5987002BFB36 = {
						CreatedOnToolsVersion = 7.1;
						DevelopmentTeam = YVVZ65Y3UC;
						TestTargetID = BC31918B1BDA5987002BFB36;
					};
				};
			};
			buildConfigurationList = BC3191871BDA5987002BFB36 /* Build configuration list for PBXProject "MeltingPotIOS" */;
			compatibilityVersion = "Xcode 3.2";
			developmentRegion = English;
			hasScannedForEncodings = 0;
			knownRegions = (
				en,
				Base,
			);
			mainGroup = BC3191831BDA5987002BFB36;
			productRefGroup = BC31918D1BDA5987002BFB36 /* Products */;
			projectDirPath = "";
			projectRoot = "";
			targets = (
				BC31918B1BDA5987002BFB36 /* MeltingPotIOS */,
				BC31919F1BDA5987002BFB36 /* MeltingPotIOSTests */,
				BC3191AA1BDA5987002BFB36 /* MeltingPotIOSUITests */,
			);
		};
/* End PBXProject section */

/* Begin PBXResourcesBuildPhase section */
		BC31918A1BDA5987002BFB36 /* Resources */ = {
			isa = PBXResourcesBuildPhase;
			buildActionMask = 2147483647;
			files = (
				BC31919A1BDA5987002BFB36 /* LaunchScreen.storyboard in Resources */,
				BC3191971BDA5987002BFB36 /* Assets.xcassets in Resources */,
				BC3191951BDA5987002BFB36 /* Main.storyboard in Resources */,
			);
			runOnlyForDeploymentPostprocessing = 0;
		};
		BC31919E1BDA5987002BFB36 /* Resources */ = {
			isa = PBXResourcesBuildPhase;
			buildActionMask = 2147483647;
			files = (
			);
			runOnlyForDeploymentPostprocessing = 0;
		};
		BC3191A91BDA5987002BFB36 /* Resources */ = {
			isa = PBXResourcesBuildPhase;
			buildActionMask = 2147483647;
			files = (
			);
			runOnlyForDeploymentPostprocessing = 0;
		};
/* End PBXResourcesBuildPhase section */

/* Begin PBXSourcesBuildPhase section */
		BC3191881BDA5987002BFB36 /* Sources */ = {
			isa = PBXSourcesBuildPhase;
			buildActionMask = 2147483647;
			files = (
				BC3191C91BDA8773002BFB36 /* AddProjectViewController.swift in Sources */,
				BC3191C01BDA5B46002BFB36 /* MyCustomCell.swift in Sources */,
				BC3191C71BDA6075002BFB36 /* DescriptionProjectViewController.swift in Sources */,
				BC3191921BDA5987002BFB36 /* MainViewController.swift in Sources */,
				BC3191901BDA5987002BFB36 /* AppDelegate.swift in Sources */,
				BC3191C41BDA5C61002BFB36 /* UserData.swift in Sources */,
				BC3191C21BDA5BED002BFB36 /* Project.swift in Sources */,
			);
			runOnlyForDeploymentPostprocessing = 0;
		};
		BC31919C1BDA5987002BFB36 /* Sources */ = {
			isa = PBXSourcesBuildPhase;
			buildActionMask = 2147483647;
			files = (
				BC3191A51BDA5987002BFB36 /* MeltingPotIOSTests.swift in Sources */,
			);
			runOnlyForDeploymentPostprocessing = 0;
		};
		BC3191A71BDA5987002BFB36 /* Sources */ = {
			isa = PBXSourcesBuildPhase;
			buildActionMask = 2147483647;
			files = (
				BC3191B01BDA5987002BFB36 /* MeltingPotIOSUITests.swift in Sources */,
			);
			runOnlyForDeploymentPostprocessing = 0;
		};
/* End PBXSourcesBuildPhase section */

/* Begin PBXTargetDependency section */
		BC3191A21BDA5987002BFB36 /* PBXTargetDependency */ = {
			isa = PBXTargetDependency;
			target = BC31918B1BDA5987002BFB36 /* MeltingPotIOS */;
			targetProxy = BC3191A11BDA5987002BFB36 /* PBXContainerItemProxy */;
		};
		BC3191AD1BDA5987002BFB36 /* PBXTargetDependency */ = {
			isa = PBXTargetDependency;
			target = BC31918B1BDA5987002BFB36 /* MeltingPotIOS */;
			targetProxy = BC3191AC1BDA5987002BFB36 /* PBXContainerItemProxy */;
		};
/* End PBXTargetDependency section */

/* Begin PBXVariantGroup section */
		BC3191931BDA5987002BFB36 /* Main.storyboard */ = {
			isa = PBXVariantGroup;
			children = (
				BC3191941BDA5987002BFB36 /* Base */,
			);
			name = Main.storyboard;
			sourceTree = "<group>";
		};
		BC3191981BDA5987002BFB36 /* LaunchScreen.storyboard */ = {
			isa = PBXVariantGroup;
			children = (
				BC3191991BDA5987002BFB36 /* Base */,
			);
			name = LaunchScreen.storyboard;
			sourceTree = "<group>";
		};
/* End PBXVariantGroup section */

/* Begin XCBuildConfiguration section */
		BC3191B21BDA5987002BFB36 /* Debug */ = {
			isa = XCBuildConfiguration;
			buildSettings = {
				ALWAYS_SEARCH_USER_PATHS = NO;
				CLANG_CXX_LANGUAGE_STANDARD = "gnu++0x";
				CLANG_CXX_LIBRARY = "libc++";
				CLANG_ENABLE_MODULES = YES;
				CLANG_ENABLE_OBJC_ARC = YES;
				CLANG_WARN_BOOL_CONVERSION = YES;
				CLANG_WARN_CONSTANT_CONVERSION = YES;
				CLANG_WARN_DIRECT_OBJC_ISA_USAGE = YES_ERROR;
				CLANG_WARN_EMPTY_BODY = YES;
				CLANG_WARN_ENUM_CONVERSION = YES;
				CLANG_WARN_INT_CONVERSION = YES;
				CLANG_WARN_OBJC_ROOT_CLASS = YES_ERROR;
				CLANG_WARN_UNREACHABLE_CODE = YES;
				CLANG_WARN__DUPLICATE_METHOD_MATCH = YES;
				"CODE_SIGN_IDENTITY[sdk=iphoneos*]" = "iPhone Developer";
				COPY_PHASE_STRIP = NO;
				DEBUG_INFORMATION_FORMAT = dwarf;
				ENABLE_STRICT_OBJC_MSGSEND = YES;
				ENABLE_TESTABILITY = YES;
				GCC_C_LANGUAGE_STANDARD = gnu99;
				GCC_DYNAMIC_NO_PIC = NO;
				GCC_NO_COMMON_BLOCKS = YES;
				GCC_OPTIMIZATION_LEVEL = 0;
				GCC_PREPROCESSOR_DEFINITIONS = (
					"DEBUG=1",
					"$(inherited)",
				);
				GCC_WARN_64_TO_32_BIT_CONVERSION = YES;
				GCC_WARN_ABOUT_RETURN_TYPE = YES_ERROR;
				GCC_WARN_UNDECLARED_SELECTOR = YES;
				GCC_WARN_UNINITIALIZED_AUTOS = YES_AGGRESSIVE;
				GCC_WARN_UNUSED_FUNCTION = YES;
				GCC_WARN_UNUSED_VARIABLE = YES;
				IPHONEOS_DEPLOYMENT_TARGET = 9.1;
				MTL_ENABLE_DEBUG_INFO = YES;
				ONLY_ACTIVE_ARCH = YES;
				SDKROOT = iphoneos;
				SWIFT_OPTIMIZATION_LEVEL = "-Onone";
				TARGETED_DEVICE_FAMILY = "1,2";
			};
			name = Debug;
		};
		BC3191B31BDA5987002BFB36 /* Release */ = {
			isa = XCBuildConfiguration;
			buildSettings = {
				ALWAYS_SEARCH_USER_PATHS = NO;
				CLANG_CXX_LANGUAGE_STANDARD = "gnu++0x";
				CLANG_CXX_LIBRARY = "libc++";
				CLANG_ENABLE_MODULES = YES;
				CLANG_ENABLE_OBJC_ARC = YES;
				CLANG_WARN_BOOL_CONVERSION = YES;
				CLANG_WARN_CONSTANT_CONVERSION = YES;
				CLANG_WARN_DIRECT_OBJC_ISA_USAGE = YES_ERROR;
				CLANG_WARN_EMPTY_BODY = YES;
				CLANG_WARN_ENUM_CONVERSION = YES;
				CLANG_WARN_INT_CONVERSION = YES;
				CLANG_WARN_OBJC_ROOT_CLASS = YES_ERROR;
				CLANG_WARN_UNREACHABLE_CODE = YES;
				CLANG_WARN__DUPLICATE_METHOD_MATCH = YES;
				"CODE_SIGN_IDENTITY[sdk=iphoneos*]" = "iPhone Developer";
				COPY_PHASE_STRIP = NO;
				DEBUG_INFORMATION_FORMAT = "dwarf-with-dsym";
				ENABLE_NS_ASSERTIONS = NO;
				ENABLE_STRICT_OBJC_MSGSEND = YES;
				GCC_C_LANGUAGE_STANDARD = gnu99;
				GCC_NO_COMMON_BLOCKS = YES;
				GCC_WARN_64_TO_32_BIT_CONVERSION = YES;
				GCC_WARN_ABOUT_RETURN_TYPE = YES_ERROR;
				GCC_WARN_UNDECLARED_SELECTOR = YES;
				GCC_WARN_UNINITIALIZED_AUTOS = YES_AGGRESSIVE;
				GCC_WARN_UNUSED_FUNCTION = YES;
				GCC_WARN_UNUSED_VARIABLE = YES;
				IPHONEOS_DEPLOYMENT_TARGET = 9.1;
				MTL_ENABLE_DEBUG_INFO = NO;
				SDKROOT = iphoneos;
				TARGETED_DEVICE_FAMILY = "1,2";
				VALIDATE_PRODUCT = YES;
			};
			name = Release;
		};
		BC3191B51BDA5987002BFB36 /* Debug */ = {
			isa = XCBuildConfiguration;
			buildSettings = {
				ASSETCATALOG_COMPILER_APPICON_NAME = AppIcon;
				INFOPLIST_FILE = MeltingPotIOS/Info.plist;
				LD_RUNPATH_SEARCH_PATHS = "$(inherited) @executable_path/Frameworks";
				PRODUCT_BUNDLE_IDENTIFIER = meltingPot.MeltingPotIOS;
				PRODUCT_NAME = "$(TARGET_NAME)";
			};
			name = Debug;
		};
		BC3191B61BDA5987002BFB36 /* Release */ = {
			isa = XCBuildConfiguration;
			buildSettings = {
				ASSETCATALOG_COMPILER_APPICON_NAME = AppIcon;
				INFOPLIST_FILE = MeltingPotIOS/Info.plist;
				LD_RUNPATH_SEARCH_PATHS = "$(inherited) @executable_path/Frameworks";
				PRODUCT_BUNDLE_IDENTIFIER = meltingPot.MeltingPotIOS;
				PRODUCT_NAME = "$(TARGET_NAME)";
			};
			name = Release;
		};
		BC3191B81BDA5987002BFB36 /* Debug */ = {
			isa = XCBuildConfiguration;
			buildSettings = {
				BUNDLE_LOADER = "$(TEST_HOST)";
				INFOPLIST_FILE = MeltingPotIOSTests/Info.plist;
				LD_RUNPATH_SEARCH_PATHS = "$(inherited) @executable_path/Frameworks @loader_path/Frameworks";
				PRODUCT_BUNDLE_IDENTIFIER = meltingPot.MeltingPotIOSTests;
				PRODUCT_NAME = "$(TARGET_NAME)";
				TEST_HOST = "$(BUILT_PRODUCTS_DIR)/MeltingPotIOS.app/MeltingPotIOS";
			};
			name = Debug;
		};
		BC3191B91BDA5987002BFB36 /* Release */ = {
			isa = XCBuildConfiguration;
			buildSettings = {
				BUNDLE_LOADER = "$(TEST_HOST)";
				INFOPLIST_FILE = MeltingPotIOSTests/Info.plist;
				LD_RUNPATH_SEARCH_PATHS = "$(inherited) @executable_path/Frameworks @loader_path/Frameworks";
				PRODUCT_BUNDLE_IDENTIFIER = meltingPot.MeltingPotIOSTests;
				PRODUCT_NAME = "$(TARGET_NAME)";
				TEST_HOST = "$(BUILT_PRODUCTS_DIR)/MeltingPotIOS.app/MeltingPotIOS";
			};
			name = Release;
		};
		BC3191BB1BDA5987002BFB36 /* Debug */ = {
			isa = XCBuildConfiguration;
			buildSettings = {
				INFOPLIST_FILE = MeltingPotIOSUITests/Info.plist;
				LD_RUNPATH_SEARCH_PATHS = "$(inherited) @executable_path/Frameworks @loader_path/Frameworks";
				PRODUCT_BUNDLE_IDENTIFIER = meltingPot.MeltingPotIOSUITests;
				PRODUCT_NAME = "$(TARGET_NAME)";
				TEST_TARGET_NAME = MeltingPotIOS;
				USES_XCTRUNNER = YES;
			};
			name = Debug;
		};
		BC3191BC1BDA5987002BFB36 /* Release */ = {
			isa = XCBuildConfiguration;
			buildSettings = {
				INFOPLIST_FILE = MeltingPotIOSUITests/Info.plist;
				LD_RUNPATH_SEARCH_PATHS = "$(inherited) @executable_path/Frameworks @loader_path/Frameworks";
				PRODUCT_BUNDLE_IDENTIFIER = meltingPot.MeltingPotIOSUITests;
				PRODUCT_NAME = "$(TARGET_NAME)";
				TEST_TARGET_NAME = MeltingPotIOS;
				USES_XCTRUNNER = YES;
			};
			name = Release;
		};
/* End XCBuildConfiguration section */

/* Begin XCConfigurationList section */
		BC3191871BDA5987002BFB36 /* Build configuration list for PBXProject "MeltingPotIOS" */ = {
			isa = XCConfigurationList;
			buildConfigurations = (
				BC3191B21BDA5987002BFB36 /* Debug */,
				BC3191B31BDA5987002BFB36 /* Release */,
			);
			defaultConfigurationIsVisible = 0;
			defaultConfigurationName = Release;
		};
		BC3191B41BDA5987002BFB36 /* Build configuration list for PBXNativeTarget "MeltingPotIOS" */ = {
			isa = XCConfigurationList;
			buildConfigurations = (
				BC3191B51BDA5987002BFB36 /* Debug */,
				BC3191B61BDA5987002BFB36 /* Release */,
			);
			defaultConfigurationIsVisible = 0;
			defaultConfigurationName = Release;
		};
		BC3191B71BDA5987002BFB36 /* Build configuration list for PBXNativeTarget "MeltingPotIOSTests" */ = {
			isa = XCConfigurationList;
			buildConfigurations = (
				BC3191B81BDA5987002BFB36 /* Debug */,
				BC3191B91BDA5987002BFB36 /* Release */,
			);
			defaultConfigurationIsVisible = 0;
			defaultConfigurationName = Release;
		};
		BC3191BA1BDA5987002BFB36 /* Build configuration list for PBXNativeTarget "MeltingPotIOSUITests" */ = {
			isa = XCConfigurationList;
			buildConfigurations = (
				BC3191BB1BDA5987002BFB36 /* Debug */,
				BC3191BC1BDA5987002BFB36 /* Release */,
			);
			defaultConfigurationIsVisible = 0;
			defaultConfigurationName = Release;
		};
/* End XCConfigurationList section */
	};
	rootObject = BC3191841BDA5987002BFB36 /* Project object */;
}
